
Microsoft Visual Studio Solution File, Format Version 12.00
# Visual Studio Version 17
VisualStudioVersion = 17.7.34003.232
MinimumVisualStudioVersion = 10.0.40219.1
Project("{FAE04EC0-301F-11D3-BF4B-00C04F79EFBC}") = "uppgift 3", "uppgift 3\uppgift 3.csproj", "{506092EF-8EC7-4886-9570-91E9B4ACBB90}"
EndProject
Global
	GlobalSection(SolutionConfigurationPlatforms) = preSolution
		Debug|Any CPU = Debug|Any CPU
		Release|Any CPU = Release|Any CPU
	EndGlobalSection
	GlobalSection(ProjectConfigurationPlatforms) = postSolution
		{506092EF-8EC7-4886-9570-91E9B4ACBB90}.Debug|Any CPU.ActiveCfg = Debug|Any CPU
		{506092EF-8EC7-4886-9570-91E9B4ACBB90}.Debug|Any CPU.Build.0 = Debug|Any CPU
		{506092EF-8EC7-4886-9570-91E9B4ACBB90}.Release|Any CPU.ActiveCfg = Release|Any CPU
		{506092EF-8EC7-4886-9570-91E9B4ACBB90}.Release|Any CPU.Build.0 = Release|Any CPU
	EndGlobalSection
	GlobalSection(SolutionProperties) = preSolution
		HideSolutionNode = FALSE
	EndGlobalSection
	GlobalSection(ExtensibilityGlobals) = postSolution
		SolutionGuid = {1FC39DC0-31D0-4BA0-BCB4-8FF7E079978C}
	EndGlobalSection
EndGlobal
